// !$*UTF8*$!
{
	archiveVersion = 1;
	classes = {
	};
	objectVersion = 46;
	objects = {

/* Begin PBXBuildFile section */
		C2084D671CB79D7600798D35 /* AppDelegate.swift in Sources */ = {isa = PBXBuildFile; fileRef = C2084D661CB79D7600798D35 /* AppDelegate.swift */; };
		C2084D691CB79D7600798D35 /* ViewController.swift in Sources */ = {isa = PBXBuildFile; fileRef = C2084D681CB79D7600798D35 /* ViewController.swift */; };
		C2084D6C1CB79D7600798D35 /* Main.storyboard in Resources */ = {isa = PBXBuildFile; fileRef = C2084D6A1CB79D7600798D35 /* Main.storyboard */; };
		C2084D6E1CB79D7600798D35 /* Assets.xcassets in Resources */ = {isa = PBXBuildFile; fileRef = C2084D6D1CB79D7600798D35 /* Assets.xcassets */; };
		C2084D711CB79D7600798D35 /* LaunchScreen.storyboard in Resources */ = {isa = PBXBuildFile; fileRef = C2084D6F1CB79D7600798D35 /* LaunchScreen.storyboard */; };
		C2084D7C1CB79D7600798D35 /* TSA_RandomizerTests.swift in Sources */ = {isa = PBXBuildFile; fileRef = C2084D7B1CB79D7600798D35 /* TSA_RandomizerTests.swift */; };
		C2084D871CB79D7600798D35 /* TSA_RandomizerUITests.swift in Sources */ = {isa = PBXBuildFile; fileRef = C2084D861CB79D7600798D35 /* TSA_RandomizerUITests.swift */; };
/* End PBXBuildFile section */

/* Begin PBXContainerItemProxy section */
		C2084D781CB79D7600798D35 /* PBXContainerItemProxy */ = {
			isa = PBXContainerItemProxy;
			containerPortal = C2084D5B1CB79D7600798D35 /* Project object */;
			proxyType = 1;
			remoteGlobalIDString = C2084D621CB79D7600798D35;
			remoteInfo = "TSA-Randomizer";
		};
		C2084D831CB79D7600798D35 /* PBXContainerItemProxy */ = {
			isa = PBXContainerItemProxy;
			containerPortal = C2084D5B1CB79D7600798D35 /* Project object */;
			proxyType = 1;
			remoteGlobalIDString = C2084D621CB79D7600798D35;
			remoteInfo = "TSA-Randomizer";
		};
/* End PBXContainerItemProxy section */

/* Begin PBXFileReference section */
		C2084D631CB79D7600798D35 /* TSA-Randomizer.app */ = {isa = PBXFileReference; explicitFileType = wrapper.application; includeInIndex = 0; path = "TSA-Randomizer.app"; sourceTree = BUILT_PRODUCTS_DIR; };
		C2084D661CB79D7600798D35 /* AppDelegate.swift */ = {isa = PBXFileReference; lastKnownFileType = sourcecode.swift; path = AppDelegate.swift; sourceTree = "<group>"; };
		C2084D681CB79D7600798D35 /* ViewController.swift */ = {isa = PBXFileReference; lastKnownFileType = sourcecode.swift; path = ViewController.swift; sourceTree = "<group>"; };
		C2084D6B1CB79D7600798D35 /* Base */ = {isa = PBXFileReference; lastKnownFileType = file.storyboard; name = Base; path = Base.lproj/Main.storyboard; sourceTree = "<group>"; };
		C2084D6D1CB79D7600798D35 /* Assets.xcassets */ = {isa = PBXFileReference; lastKnownFileType = folder.assetcatalog; path = Assets.xcassets; sourceTree = "<group>"; };
		C2084D701CB79D7600798D35 /* Base */ = {isa = PBXFileReference; lastKnownFileType = file.storyboard; name = Base; path = Base.lproj/LaunchScreen.storyboard; sourceTree = "<group>"; };
		C2084D721CB79D7600798D35 /* Info.plist */ = {isa = PBXFileReference; lastKnownFileType = text.plist.xml; path = Info.plist; sourceTree = "<group>"; };
		C2084D771CB79D7600798D35 /* TSA-RandomizerTests.xctest */ = {isa = PBXFileReference; explicitFileType = wrapper.cfbundle; includeInIndex = 0; path = "TSA-RandomizerTests.xctest"; sourceTree = BUILT_PRODUCTS_DIR; };
		C2084D7B1CB79D7600798D35 /* TSA_RandomizerTests.swift */ = {isa = PBXFileReference; lastKnownFileType = sourcecode.swift; path = TSA_RandomizerTests.swift; sourceTree = "<group>"; };
		C2084D7D1CB79D7600798D35 /* Info.plist */ = {isa = PBXFileReference; lastKnownFileType = text.plist.xml; path = Info.plist; sourceTree = "<group>"; };
		C2084D821CB79D7600798D35 /* TSA-RandomizerUITests.xctest */ = {isa = PBXFileReference; explicitFileType = wrapper.cfbundle; includeInIndex = 0; path = "TSA-RandomizerUITests.xctest"; sourceTree = BUILT_PRODUCTS_DIR; };
		C2084D861CB79D7600798D35 /* TSA_RandomizerUITests.swift */ = {isa = PBXFileReference; lastKnownFileType = sourcecode.swift; path = TSA_RandomizerUITests.swift; sourceTree = "<group>"; };
		C2084D881CB79D7600798D35 /* Info.plist */ = {isa = PBXFileReference; lastKnownFileType = text.plist.xml; path = Info.plist; sourceTree = "<group>"; };
/* End PBXFileReference section */

/* Begin PBXFrameworksBuildPhase section */
		C2084D601CB79D7600798D35 /* Frameworks */ = {
			isa = PBXFrameworksBuildPhase;
			buildActionMask = 2147483647;
			files = (
			);
			runOnlyForDeploymentPostprocessing = 0;
		};
		C2084D741CB79D7600798D35 /* Frameworks */ = {
			isa = PBXFrameworksBuildPhase;
			buildActionMask = 2147483647;
			files = (
			);
			runOnlyForDeploymentPostprocessing = 0;
		};
		C2084D7F1CB79D7600798D35 /* Frameworks */ = {
			isa = PBXFrameworksBuildPhase;
			buildActionMask = 2147483647;
			files = (
			);
			runOnlyForDeploymentPostprocessing = 0;
		};
/* End PBXFrameworksBuildPhase section */

/* Begin PBXGroup section */
		C2084D5A1CB79D7600798D35 = {
			isa = PBXGroup;
			children = (
				C2084D651CB79D7600798D35 /* TSA-Randomizer */,
				C2084D7A1CB79D7600798D35 /* TSA-RandomizerTests */,
				C2084D851CB79D7600798D35 /* TSA-RandomizerUITests */,
				C2084D641CB79D7600798D35 /* Products */,
			);
			sourceTree = "<group>";
		};
		C2084D641CB79D7600798D35 /* Products */ = {
			isa = PBXGroup;
			children = (
				C2084D631CB79D7600798D35 /* TSA-Randomizer.app */,
				C2084D771CB79D7600798D35 /* TSA-RandomizerTests.xctest */,
				C2084D821CB79D7600798D35 /* TSA-RandomizerUITests.xctest */,
			);
			name = Products;
			sourceTree = "<group>";
		};
		C2084D651CB79D7600798D35 /* TSA-Randomizer */ = {
			isa = PBXGroup;
			children = (
				C2084D661CB79D7600798D35 /* AppDelegate.swift */,
				C2084D681CB79D7600798D35 /* ViewController.swift */,
				C2084D6A1CB79D7600798D35 /* Main.storyboard */,
				C2084D6D1CB79D7600798D35 /* Assets.xcassets */,
				C2084D6F1CB79D7600798D35 /* LaunchScreen.storyboard */,
				C2084D721CB79D7600798D35 /* Info.plist */,
			);
			path = "TSA-Randomizer";
			sourceTree = "<group>";
		};
		C2084D7A1CB79D7600798D35 /* TSA-RandomizerTests */ = {
			isa = PBXGroup;
			children = (
				C2084D7B1CB79D7600798D35 /* TSA_RandomizerTests.swift */,
				C2084D7D1CB79D7600798D35 /* Info.plist */,
			);
			path = "TSA-RandomizerTests";
			sourceTree = "<group>";
		};
		C2084D851CB79D7600798D35 /* TSA-RandomizerUITests */ = {
			isa = PBXGroup;
			children = (
				C2084D861CB79D7600798D35 /* TSA_RandomizerUITests.swift */,
				C2084D881CB79D7600798D35 /* Info.plist */,
			);
			path = "TSA-RandomizerUITests";
			sourceTree = "<group>";
		};
/* End PBXGroup section */

/* Begin PBXNativeTarget section */
		C2084D621CB79D7600798D35 /* TSA-Randomizer */ = {
			isa = PBXNativeTarget;
			buildConfigurationList = C2084D8B1CB79D7600798D35 /* Build configuration list for PBXNativeTarget "TSA-Randomizer" */;
			buildPhases = (
				C2084D5F1CB79D7600798D35 /* Sources */,
				C2084D601CB79D7600798D35 /* Frameworks */,
				C2084D611CB79D7600798D35 /* Resources */,
			);
			buildRules = (
			);
			dependencies = (
			);
			name = "TSA-Randomizer";
			productName = "TSA-Randomizer";
			productReference = C2084D631CB79D7600798D35 /* TSA-Randomizer.app */;
			productType = "com.apple.product-type.application";
		};
		C2084D761CB79D7600798D35 /* TSA-RandomizerTests */ = {
			isa = PBXNativeTarget;
			buildConfigurationList = C2084D8E1CB79D7600798D35 /* Build configuration list for PBXNativeTarget "TSA-RandomizerTests" */;
			buildPhases = (
				C2084D731CB79D7600798D35 /* Sources */,
				C2084D741CB79D7600798D35 /* Frameworks */,
				C2084D751CB79D7600798D35 /* Resources */,
			);
			buildRules = (
			);
			dependencies = (
				C2084D791CB79D7600798D35 /* PBXTargetDependency */,
			);
			name = "TSA-RandomizerTests";
			productName = "TSA-RandomizerTests";
			productReference = C2084D771CB79D7600798D35 /* TSA-RandomizerTests.xctest */;
			productType = "com.apple.product-type.bundle.unit-test";
		};
		C2084D811CB79D7600798D35 /* TSA-RandomizerUITests */ = {
			isa = PBXNativeTarget;
			buildConfigurationList = C2084D911CB79D7600798D35 /* Build configuration list for PBXNativeTarget "TSA-RandomizerUITests" */;
			buildPhases = (
				C2084D7E1CB79D7600798D35 /* Sources */,
				C2084D7F1CB79D7600798D35 /* Frameworks */,
				C2084D801CB79D7600798D35 /* Resources */,
			);
			buildRules = (
			);
			dependencies = (
				C2084D841CB79D7600798D35 /* PBXTargetDependency */,
			);
			name = "TSA-RandomizerUITests";
			productName = "TSA-RandomizerUITests";
			productReference = C2084D821CB79D7600798D35 /* TSA-RandomizerUITests.xctest */;
			productType = "com.apple.product-type.bundle.ui-testing";
		};
/* End PBXNativeTarget section */

/* Begin PBXProject section */
		C2084D5B1CB79D7600798D35 /* Project object */ = {
			isa = PBXProject;
			attributes = {
				LastSwiftUpdateCheck = 0730;
				LastUpgradeCheck = 0730;
				ORGANIZATIONNAME = "Vidyadhar Thatte";
				TargetAttributes = {
					C2084D621CB79D7600798D35 = {
						CreatedOnToolsVersion = 7.3;
					};
					C2084D761CB79D7600798D35 = {
						CreatedOnToolsVersion = 7.3;
						TestTargetID = C2084D621CB79D7600798D35;
					};
					C2084D811CB79D7600798D35 = {
						CreatedOnToolsVersion = 7.3;
						TestTargetID = C2084D621CB79D7600798D35;
					};
				};
			};
			buildConfigurationList = C2084D5E1CB79D7600798D35 /* Build configuration list for PBXProject "TSA-Randomizer" */;
			compatibilityVersion = "Xcode 3.2";
			developmentRegion = English;
			hasScannedForEncodings = 0;
			knownRegions = (
				en,
				Base,
			);
			mainGroup = C2084D5A1CB79D7600798D35;
			productRefGroup = C2084D641CB79D7600798D35 /* Products */;
			projectDirPath = "";
			projectRoot = "";
			targets = (
				C2084D621CB79D7600798D35 /* TSA-Randomizer */,
				C2084D761CB79D7600798D35 /* TSA-RandomizerTests */,
				C2084D811CB79D7600798D35 /* TSA-RandomizerUITests */,
			);
		};
/* End PBXProject section */

/* Begin PBXResourcesBuildPhase section */
		C2084D611CB79D7600798D35 /* Resources */ = {
			isa = PBXResourcesBuildPhase;
			buildActionMask = 2147483647;
			files = (
				C2084D711CB79D7600798D35 /* LaunchScreen.storyboard in Resources */,
				C2084D6E1CB79D7600798D35 /* Assets.xcassets in Resources */,
				C2084D6C1CB79D7600798D35 /* Main.storyboard in Resources */,
			);
			runOnlyForDeploymentPostprocessing = 0;
		};
		C2084D751CB79D7600798D35 /* Resources */ = {
			isa = PBXResourcesBuildPhase;
			buildActionMask = 2147483647;
			files = (
			);
			runOnlyForDeploymentPostprocessing = 0;
		};
		C2084D801CB79D7600798D35 /* Resources */ = {
			isa = PBXResourcesBuildPhase;
			buildActionMask = 2147483647;
			files = (
			);
			runOnlyForDeploymentPostprocessing = 0;
		};
/* End PBXResourcesBuildPhase section */

/* Begin PBXSourcesBuildPhase section */
		C2084D5F1CB79D7600798D35 /* Sources */ = {
			isa = PBXSourcesBuildPhase;
			buildActionMask = 2147483647;
			files = (
				C2084D691CB79D7600798D35 /* ViewController.swift in Sources */,
				C2084D671CB79D7600798D35 /* AppDelegate.swift in Sources */,
			);
			runOnlyForDeploymentPostprocessing = 0;
		};
		C2084D731CB79D7600798D35 /* Sources */ = {
			isa = PBXSourcesBuildPhase;
			buildActionMask = 2147483647;
			files = (
				C2084D7C1CB79D7600798D35 /* TSA_RandomizerTests.swift in Sources */,
			);
			runOnlyForDeploymentPostprocessing = 0;
		};
		C2084D7E1CB79D7600798D35 /* Sources */ = {
			isa = PBXSourcesBuildPhase;
			buildActionMask = 2147483647;
			files = (
				C2084D871CB79D7600798D35 /* TSA_RandomizerUITests.swift in Sources */,
			);
			runOnlyForDeploymentPostprocessing = 0;
		};
/* End PBXSourcesBuildPhase section */

/* Begin PBXTargetDependency section */
		C2084D791CB79D7600798D35 /* PBXTargetDependency */ = {
			isa = PBXTargetDependency;
			target = C2084D621CB79D7600798D35 /* TSA-Randomizer */;
			targetProxy = C2084D781CB79D7600798D35 /* PBXContainerItemProxy */;
		};
		C2084D841CB79D7600798D35 /* PBXTargetDependency */ = {
			isa = PBXTargetDependency;
			target = C2084D621CB79D7600798D35 /* TSA-Randomizer */;
			targetProxy = C2084D831CB79D7600798D35 /* PBXContainerItemProxy */;
		};
/* End PBXTargetDependency section */

/* Begin PBXVariantGroup section */
		C2084D6A1CB79D7600798D35 /* Main.storyboard */ = {
			isa = PBXVariantGroup;
			children = (
				C2084D6B1CB79D7600798D35 /* Base */,
			);
			name = Main.storyboard;
			sourceTree = "<group>";
		};
		C2084D6F1CB79D7600798D35 /* LaunchScreen.storyboard */ = {
			isa = PBXVariantGroup;
			children = (
				C2084D701CB79D7600798D35 /* Base */,
			);
			name = LaunchScreen.storyboard;
			sourceTree = "<group>";
		};
/* End PBXVariantGroup section */

/* Begin XCBuildConfiguration section */
		C2084D891CB79D7600798D35 /* Debug */ = {
			isa = XCBuildConfiguration;
			buildSettings = {
				ALWAYS_SEARCH_USER_PATHS = NO;
				CLANG_ANALYZER_NONNULL = YES;
				CLANG_CXX_LANGUAGE_STANDARD = "gnu++0x";
				CLANG_CXX_LIBRARY = "libc++";
				CLANG_ENABLE_MODULES = YES;
				CLANG_ENABLE_OBJC_ARC = YES;
				CLANG_WARN_BOOL_CONVERSION = YES;
				CLANG_WARN_CONSTANT_CONVERSION = YES;
				CLANG_WARN_DIRECT_OBJC_ISA_USAGE = YES_ERROR;
				CLANG_WARN_EMPTY_BODY = YES;
				CLANG_WARN_ENUM_CONVERSION = YES;
				CLANG_WARN_INT_CONVERSION = YES;
				CLANG_WARN_OBJC_ROOT_CLASS = YES_ERROR;
				CLANG_WARN_UNREACHABLE_CODE = YES;
				CLANG_WARN__DUPLICATE_METHOD_MATCH = YES;
				"CODE_SIGN_IDENTITY[sdk=iphoneos*]" = "iPhone Developer";
				COPY_PHASE_STRIP = NO;
				DEBUG_INFORMATION_FORMAT = dwarf;
				ENABLE_STRICT_OBJC_MSGSEND = YES;
				ENABLE_TESTABILITY = YES;
				GCC_C_LANGUAGE_STANDARD = gnu99;
				GCC_DYNAMIC_NO_PIC = NO;
				GCC_NO_COMMON_BLOCKS = YES;
				GCC_OPTIMIZATION_LEVEL = 0;
				GCC_PREPROCESSOR_DEFINITIONS = (
					"DEBUG=1",
					"$(inherited)",
				);
				GCC_WARN_64_TO_32_BIT_CONVERSION = YES;
				GCC_WARN_ABOUT_RETURN_TYPE = YES_ERROR;
				GCC_WARN_UNDECLARED_SELECTOR = YES;
				GCC_WARN_UNINITIALIZED_AUTOS = YES_AGGRESSIVE;
				GCC_WARN_UNUSED_FUNCTION = YES;
				GCC_WARN_UNUSED_VARIABLE = YES;
				IPHONEOS_DEPLOYMENT_TARGET = 9.3;
				MTL_ENABLE_DEBUG_INFO = YES;
				ONLY_ACTIVE_ARCH = YES;
				SDKROOT = iphoneos;
				SWIFT_OPTIMIZATION_LEVEL = "-Onone";
			};
			name = Debug;
		};
		C2084D8A1CB79D7600798D35 /* Release */ = {
			isa = XCBuildConfiguration;
			buildSettings = {
				ALWAYS_SEARCH_USER_PATHS = NO;
				CLANG_ANALYZER_NONNULL = YES;
				CLANG_CXX_LANGUAGE_STANDARD = "gnu++0x";
				CLANG_CXX_LIBRARY = "libc++";
				CLANG_ENABLE_MODULES = YES;
				CLANG_ENABLE_OBJC_ARC = YES;
				CLANG_WARN_BOOL_CONVERSION = YES;
				CLANG_WARN_CONSTANT_CONVERSION = YES;
				CLANG_WARN_DIRECT_OBJC_ISA_USAGE = YES_ERROR;
				CLANG_WARN_EMPTY_BODY = YES;
				CLANG_WARN_ENUM_CONVERSION = YES;
				CLANG_WARN_INT_CONVERSION = YES;
				CLANG_WARN_OBJC_ROOT_CLASS = YES_ERROR;
				CLANG_WARN_UNREACHABLE_CODE = YES;
				CLANG_WARN__DUPLICATE_METHOD_MATCH = YES;
				"CODE_SIGN_IDENTITY[sdk=iphoneos*]" = "iPhone Developer";
				COPY_PHASE_STRIP = NO;
				DEBUG_INFORMATION_FORMAT = "dwarf-with-dsym";
				ENABLE_NS_ASSERTIONS = NO;
				ENABLE_STRICT_OBJC_MSGSEND = YES;
				GCC_C_LANGUAGE_STANDARD = gnu99;
				GCC_NO_COMMON_BLOCKS = YES;
				GCC_WARN_64_TO_32_BIT_CONVERSION = YES;
				GCC_WARN_ABOUT_RETURN_TYPE = YES_ERROR;
				GCC_WARN_UNDECLARED_SELECTOR = YES;
				GCC_WARN_UNINITIALIZED_AUTOS = YES_AGGRESSIVE;
				GCC_WARN_UNUSED_FUNCTION = YES;
				GCC_WARN_UNUSED_VARIABLE = YES;
				IPHONEOS_DEPLOYMENT_TARGET = 9.3;
				MTL_ENABLE_DEBUG_INFO = NO;
				SDKROOT = iphoneos;
				VALIDATE_PRODUCT = YES;
			};
			name = Release;
		};
		C2084D8C1CB79D7600798D35 /* Debug */ = {
			isa = XCBuildConfiguration;
			buildSettings = {
				ASSETCATALOG_COMPILER_APPICON_NAME = AppIcon;
				INFOPLIST_FILE = "TSA-Randomizer/Info.plist";
				LD_RUNPATH_SEARCH_PATHS = "$(inherited) @executable_path/Frameworks";
				PRODUCT_BUNDLE_IDENTIFIER = "Vidyadhar-Thatte.TSA-Randomizer";
				PRODUCT_NAME = "$(TARGET_NAME)";
			};
			name = Debug;
		};
		C2084D8D1CB79D7600798D35 /* Release */ = {
			isa = XCBuildConfiguration;
			buildSettings = {
				ASSETCATALOG_COMPILER_APPICON_NAME = AppIcon;
				INFOPLIST_FILE = "TSA-Randomizer/Info.plist";
				LD_RUNPATH_SEARCH_PATHS = "$(inherited) @executable_path/Frameworks";
				PRODUCT_BUNDLE_IDENTIFIER = "Vidyadhar-Thatte.TSA-Randomizer";
				PRODUCT_NAME = "$(TARGET_NAME)";
			};
			name = Release;
		};
		C2084D8F1CB79D7600798D35 /* Debug */ = {
			isa = XCBuildConfiguration;
			buildSettings = {
				BUNDLE_LOADER = "$(TEST_HOST)";
				INFOPLIST_FILE = "TSA-RandomizerTests/Info.plist";
				LD_RUNPATH_SEARCH_PATHS = "$(inherited) @executable_path/Frameworks @loader_path/Frameworks";
				PRODUCT_BUNDLE_IDENTIFIER = "Vidyadhar-Thatte.TSA-RandomizerTests";
				PRODUCT_NAME = "$(TARGET_NAME)";
				TEST_HOST = "$(BUILT_PRODUCTS_DIR)/TSA-Randomizer.app/TSA-Randomizer";
			};
			name = Debug;
		};
		C2084D901CB79D7600798D35 /* Release */ = {
			isa = XCBuildConfiguration;
			buildSettings = {
				BUNDLE_LOADER = "$(TEST_HOST)";
				INFOPLIST_FILE = "TSA-RandomizerTests/Info.plist";
				LD_RUNPATH_SEARCH_PATHS = "$(inherited) @executable_path/Frameworks @loader_path/Frameworks";
				PRODUCT_BUNDLE_IDENTIFIER = "Vidyadhar-Thatte.TSA-RandomizerTests";
				PRODUCT_NAME = "$(TARGET_NAME)";
				TEST_HOST = "$(BUILT_PRODUCTS_DIR)/TSA-Randomizer.app/TSA-Randomizer";
			};
			name = Release;
		};
		C2084D921CB79D7600798D35 /* Debug */ = {
			isa = XCBuildConfiguration;
			buildSettings = {
				INFOPLIST_FILE = "TSA-RandomizerUITests/Info.plist";
				LD_RUNPATH_SEARCH_PATHS = "$(inherited) @executable_path/Frameworks @loader_path/Frameworks";
				PRODUCT_BUNDLE_IDENTIFIER = "Vidyadhar-Thatte.TSA-RandomizerUITests";
				PRODUCT_NAME = "$(TARGET_NAME)";
				TEST_TARGET_NAME = "TSA-Randomizer";
			};
			name = Debug;
		};
		C2084D931CB79D7600798D35 /* Release */ = {
			isa = XCBuildConfiguration;
			buildSettings = {
				INFOPLIST_FILE = "TSA-RandomizerUITests/Info.plist";
				LD_RUNPATH_SEARCH_PATHS = "$(inherited) @executable_path/Frameworks @loader_path/Frameworks";
				PRODUCT_BUNDLE_IDENTIFIER = "Vidyadhar-Thatte.TSA-RandomizerUITests";
				PRODUCT_NAME = "$(TARGET_NAME)";
				TEST_TARGET_NAME = "TSA-Randomizer";
			};
			name = Release;
		};
/* End XCBuildConfiguration section */

/* Begin XCConfigurationList section */
		C2084D5E1CB79D7600798D35 /* Build configuration list for PBXProject "TSA-Randomizer" */ = {
			isa = XCConfigurationList;
			buildConfigurations = (
				C2084D891CB79D7600798D35 /* Debug */,
				C2084D8A1CB79D7600798D35 /* Release */,
			);
			defaultConfigurationIsVisible = 0;
			defaultConfigurationName = Release;
		};
		C2084D8B1CB79D7600798D35 /* Build configuration list for PBXNativeTarget "TSA-Randomizer" */ = {
			isa = XCConfigurationList;
			buildConfigurations = (
				C2084D8C1CB79D7600798D35 /* Debug */,
				C2084D8D1CB79D7600798D35 /* Release */,
			);
			defaultConfigurationIsVisible = 0;
		};
		C2084D8E1CB79D7600798D35 /* Build configuration list for PBXNativeTarget "TSA-RandomizerTests" */ = {
			isa = XCConfigurationList;
			buildConfigurations = (
				C2084D8F1CB79D7600798D35 /* Debug */,
				C2084D901CB79D7600798D35 /* Release */,
			);
			defaultConfigurationIsVisible = 0;
		};
		C2084D911CB79D7600798D35 /* Build configuration list for PBXNativeTarget "TSA-RandomizerUITests" */ = {
			isa = XCConfigurationList;
			buildConfigurations = (
				C2084D921CB79D7600798D35 /* Debug */,
				C2084D931CB79D7600798D35 /* Release */,
			);
			defaultConfigurationIsVisible = 0;
		};
/* End XCConfigurationList section */
	};
	rootObject = C2084D5B1CB79D7600798D35 /* Project object */;
}
